PODS:
  - advertising_id (0.0.1):
    - Flutter
  - app_tracking_transparency (0.0.1):
    - Flutter
  - Flutter (1.0.0)
  - flutter_native_splash (2.4.3):
    - Flutter
  - flutter_notifyvisitors (1.6.0):
    - Flutter
    - notifyvisitors (= 7.3.4)
    - notifyvisitorsNudges (= 0.0.3)
  - notifyvisitors (7.3.4)
  - notifyvisitorsNotificationService (1.0.0)
  - notifyvisitorsNudges (0.0.3)

DEPENDENCIES:
  - advertising_id (from `.symlinks/plugins/advertising_id/ios`)
  - app_tracking_transparency (from `.symlinks/plugins/app_tracking_transparency/ios`)
  - Flutter (from `Flutter`)
  - flutter_native_splash (from `.symlinks/plugins/flutter_native_splash/ios`)
  - flutter_notifyvisitors (from `.symlinks/plugins/flutter_notifyvisitors/ios`)
  - notifyvisitorsNotificationService

SPEC REPOS:
  trunk:
    - notifyvisitors
    - notifyvisitorsNotificationService
    - notifyvisitorsNudges

EXTERNAL SOURCES:
  advertising_id:
    :path: ".symlinks/plugins/advertising_id/ios"
  app_tracking_transparency:
    :path: ".symlinks/plugins/app_tracking_transparency/ios"
  Flutter:
    :path: Flutter
  flutter_native_splash:
    :path: ".symlinks/plugins/flutter_native_splash/ios"
  flutter_notifyvisitors:
    :path: ".symlinks/plugins/flutter_notifyvisitors/ios"

SPEC CHECKSUMS:
  advertising_id: d5de9e659986092d7ca50977dc50f4f4fcd4c30a
  app_tracking_transparency: 3d84f147f67ca82d3c15355c36b1fa6b66ca7c92
  Flutter: cabc95a1d2626b1b06e7179b784ebcf0c0cde467
  flutter_native_splash: 6cad9122ea0fad137d23137dd14b937f3e90b145
  flutter_notifyvisitors: cd4f0a1f55cc2e9372c9a1b079a56bdd881d871c
  notifyvisitors: 2ed26c7672ded56d30310e6bc7096fe4b5dbf263
  notifyvisitorsNotificationService: ef0ac1d14d3c3b168eec98d9aa1bff14f592e6a2
  notifyvisitorsNudges: 5d1d931d1c09107a0fa5d7cfc388ee3cc2e68cf2

PODFILE CHECKSUM: e570b20c5b175623fd7e921c72153bcb4f83d577

COCOAPODS: 1.16.2
